
Microsoft Visual Studio Solution File, Format Version 12.00
# Visual Studio Version 16
VisualStudioVersion = 16.0.30503.244
MinimumVisualStudioVersion = 10.0.40219.1
Project("{FAE04EC0-301F-11D3-BF4B-00C04F79EFBC}") = "QueuingSystem", "QueuingSystem\QueuingSystem.csproj", "{457526EF-204A-4DA6-BF4B-392C2128B79A}"
EndProject
Global
	GlobalSection(SolutionConfigurationPlatforms) = preSolution
		Debug|Any CPU = Debug|Any CPU
		Release|Any CPU = Release|Any CPU
	EndGlobalSection
	GlobalSection(ProjectConfigurationPlatforms) = postSolution
		{457526EF-204A-4DA6-BF4B-392C2128B79A}.Debug|Any CPU.ActiveCfg = Debug|Any CPU
		{457526EF-204A-4DA6-BF4B-392C2128B79A}.Debug|Any CPU.Build.0 = Debug|Any CPU
		{457526EF-204A-4DA6-BF4B-392C2128B79A}.Release|Any CPU.ActiveCfg = Release|Any CPU
		{457526EF-204A-4DA6-BF4B-392C2128B79A}.Release|Any CPU.Build.0 = Release|Any CPU
	EndGlobalSection
	GlobalSection(SolutionProperties) = preSolution
		HideSolutionNode = FALSE
	EndGlobalSection
	GlobalSection(ExtensibilityGlobals) = postSolution
		SolutionGuid = {735E8518-AA2B-4861-86EF-A2860156625E}
	EndGlobalSection
EndGlobal
